
Microsoft Visual Studio Solution File, Format Version 12.00
# Visual Studio Version 16
VisualStudioVersion = 16.0.28803.202
MinimumVisualStudioVersion = 10.0.40219.1
Project("{9A19103F-16F7-4668-BE54-9A1E7A4F7556}") = "SortMethod", "IntroSort\SortMethod.csproj", "{CCED4645-E69C-4754-81C9-CCBAFED3490F}"
EndProject
Global
	GlobalSection(SolutionConfigurationPlatforms) = preSolution
		Debug|Any CPU = Debug|Any CPU
		Release|Any CPU = Release|Any CPU
	EndGlobalSection
	GlobalSection(ProjectConfigurationPlatforms) = postSolution
		{CCED4645-E69C-4754-81C9-CCBAFED3490F}.Debug|Any CPU.ActiveCfg = Debug|Any CPU
		{CCED4645-E69C-4754-81C9-CCBAFED3490F}.Debug|Any CPU.Build.0 = Debug|Any CPU
		{CCED4645-E69C-4754-81C9-CCBAFED3490F}.Release|Any CPU.ActiveCfg = Release|Any CPU
		{CCED4645-E69C-4754-81C9-CCBAFED3490F}.Release|Any CPU.Build.0 = Release|Any CPU
	EndGlobalSection
	GlobalSection(SolutionProperties) = preSolution
		HideSolutionNode = FALSE
	EndGlobalSection
	GlobalSection(ExtensibilityGlobals) = postSolution
		SolutionGuid = {4E3CAF8D-9109-4C8E-901B-B945013B0CFF}
	EndGlobalSection
EndGlobal
